
Microsoft Visual Studio Solution File, Format Version 12.00
# Visual Studio 15
VisualStudioVersion = 15.0.28307.329
MinimumVisualStudioVersion = 10.0.40219.1
Project("{9A19103F-16F7-4668-BE54-9A1E7A4F7556}") = "SouliCool.Tutorials", "src\SouliCool.Tutorials.csproj", "{06849148-DFB1-4FD9-AF48-FD1788BFECF2}"
EndProject
Project("{FAE04EC0-301F-11D3-BF4B-00C04F79EFBC}") = "SouliCool.Tutorials.Entities", "SouliCool.Tutorials.Entities\SouliCool.Tutorials.Entities.csproj", "{11385445-1D25-410F-86DB-9268D2B2A0F4}"
EndProject
Project("{FAE04EC0-301F-11D3-BF4B-00C04F79EFBC}") = "SouliCool.Tutorials.Contracts", "SouliCool.Tutorials.Contracts\SouliCool.Tutorials.Contracts.csproj", "{3A7D732F-031D-44AC-8EF0-914267AFEAE0}"
EndProject
Project("{FAE04EC0-301F-11D3-BF4B-00C04F79EFBC}") = "SouliCool.Tutorials.Repository", "SouliCool.Tutorials.Repository\SouliCool.Tutorials.Repository.csproj", "{F26D4AA6-D592-4166-8C5D-EF913B434698}"
EndProject
Project("{FAE04EC0-301F-11D3-BF4B-00C04F79EFBC}") = "SouliCool.Tutorials.LoggerService", "SouliCool.Tutorials.LoggerService\SouliCool.Tutorials.LoggerService.csproj", "{9FF6D1F4-C4D3-43B7-AC4E-F6A480BDBD5F}"
EndProject
Global
	GlobalSection(SolutionConfigurationPlatforms) = preSolution
		Debug|Any CPU = Debug|Any CPU
		Release|Any CPU = Release|Any CPU
	EndGlobalSection
	GlobalSection(ProjectConfigurationPlatforms) = postSolution
		{06849148-DFB1-4FD9-AF48-FD1788BFECF2}.Debug|Any CPU.ActiveCfg = Debug|Any CPU
		{06849148-DFB1-4FD9-AF48-FD1788BFECF2}.Debug|Any CPU.Build.0 = Debug|Any CPU
		{06849148-DFB1-4FD9-AF48-FD1788BFECF2}.Release|Any CPU.ActiveCfg = Release|Any CPU
		{06849148-DFB1-4FD9-AF48-FD1788BFECF2}.Release|Any CPU.Build.0 = Release|Any CPU
		{11385445-1D25-410F-86DB-9268D2B2A0F4}.Debug|Any CPU.ActiveCfg = Debug|Any CPU
		{11385445-1D25-410F-86DB-9268D2B2A0F4}.Debug|Any CPU.Build.0 = Debug|Any CPU
		{11385445-1D25-410F-86DB-9268D2B2A0F4}.Release|Any CPU.ActiveCfg = Release|Any CPU
		{11385445-1D25-410F-86DB-9268D2B2A0F4}.Release|Any CPU.Build.0 = Release|Any CPU
		{3A7D732F-031D-44AC-8EF0-914267AFEAE0}.Debug|Any CPU.ActiveCfg = Debug|Any CPU
		{3A7D732F-031D-44AC-8EF0-914267AFEAE0}.Debug|Any CPU.Build.0 = Debug|Any CPU
		{3A7D732F-031D-44AC-8EF0-914267AFEAE0}.Release|Any CPU.ActiveCfg = Release|Any CPU
		{3A7D732F-031D-44AC-8EF0-914267AFEAE0}.Release|Any CPU.Build.0 = Release|Any CPU
		{F26D4AA6-D592-4166-8C5D-EF913B434698}.Debug|Any CPU.ActiveCfg = Debug|Any CPU
		{F26D4AA6-D592-4166-8C5D-EF913B434698}.Debug|Any CPU.Build.0 = Debug|Any CPU
		{F26D4AA6-D592-4166-8C5D-EF913B434698}.Release|Any CPU.ActiveCfg = Release|Any CPU
		{F26D4AA6-D592-4166-8C5D-EF913B434698}.Release|Any CPU.Build.0 = Release|Any CPU
		{9FF6D1F4-C4D3-43B7-AC4E-F6A480BDBD5F}.Debug|Any CPU.ActiveCfg = Debug|Any CPU
		{9FF6D1F4-C4D3-43B7-AC4E-F6A480BDBD5F}.Debug|Any CPU.Build.0 = Debug|Any CPU
		{9FF6D1F4-C4D3-43B7-AC4E-F6A480BDBD5F}.Release|Any CPU.ActiveCfg = Release|Any CPU
		{9FF6D1F4-C4D3-43B7-AC4E-F6A480BDBD5F}.Release|Any CPU.Build.0 = Release|Any CPU
	EndGlobalSection
	GlobalSection(SolutionProperties) = preSolution
		HideSolutionNode = FALSE
	EndGlobalSection
	GlobalSection(ExtensibilityGlobals) = postSolution
		SolutionGuid = {5293F256-5B35-4FBA-831A-401C76BF120B}
	EndGlobalSection
EndGlobal
